
Microsoft Visual Studio Solution File, Format Version 12.00
# Visual Studio Version 18
VisualStudioVersion = 18.0.11222.15
MinimumVisualStudioVersion = 10.0.40219.1
Project("{FAE04EC0-301F-11D3-BF4B-00C04F79EFBC}") = "AutoJewel", "AutoJewel\AutoJewel.csproj", "{A086C27B-7F70-4AD9-82BE-8B0B2E810C5C}"
EndProject
Project("{FAE04EC0-301F-11D3-BF4B-00C04F79EFBC}") = "AutoJewelModern", "AutoJewelModern\AutoJewelModern.csproj", "{10F3D18E-B670-2E48-3A6F-7B3D15B65F04}"
EndProject
Global
	GlobalSection(SolutionConfigurationPlatforms) = preSolution
		Debug|Any CPU = Debug|Any CPU
		Release|Any CPU = Release|Any CPU
	EndGlobalSection
	GlobalSection(ProjectConfigurationPlatforms) = postSolution
		{A086C27B-7F70-4AD9-82BE-8B0B2E810C5C}.Debug|Any CPU.ActiveCfg = Debug|Any CPU
		{A086C27B-7F70-4AD9-82BE-8B0B2E810C5C}.Debug|Any CPU.Build.0 = Debug|Any CPU
		{A086C27B-7F70-4AD9-82BE-8B0B2E810C5C}.Release|Any CPU.ActiveCfg = Release|Any CPU
		{A086C27B-7F70-4AD9-82BE-8B0B2E810C5C}.Release|Any CPU.Build.0 = Release|Any CPU
		{10F3D18E-B670-2E48-3A6F-7B3D15B65F04}.Debug|Any CPU.ActiveCfg = Debug|Any CPU
		{10F3D18E-B670-2E48-3A6F-7B3D15B65F04}.Debug|Any CPU.Build.0 = Debug|Any CPU
		{10F3D18E-B670-2E48-3A6F-7B3D15B65F04}.Release|Any CPU.ActiveCfg = Release|Any CPU
		{10F3D18E-B670-2E48-3A6F-7B3D15B65F04}.Release|Any CPU.Build.0 = Release|Any CPU
	EndGlobalSection
	GlobalSection(SolutionProperties) = preSolution
		HideSolutionNode = FALSE
	EndGlobalSection
	GlobalSection(ExtensibilityGlobals) = postSolution
		SolutionGuid = {DBF66F85-4B6C-48B6-B120-A8A46EF6AA03}
	EndGlobalSection
EndGlobal
